
Microsoft Visual Studio Solution File, Format Version 12.00
# Visual Studio 15
VisualStudioVersion = 15.0.28307.572
MinimumVisualStudioVersion = 10.0.40219.1
Project("{E24C65DC-7377-472B-9ABA-BC803B73C61A}") = "GPSCheckIn_WCFService", "GPSCheckIn_WCFService\", "{2B8FCC77-87F9-45CB-9D34-7CB5EB72DA72}"
	ProjectSection(WebsiteProperties) = preProject
		TargetFrameworkMoniker = ".NETFramework,Version%3Dv4.6.1"
		Debug.AspNetCompiler.VirtualPath = "/localhost_22736"
		Debug.AspNetCompiler.PhysicalPath = "GPSCheckIn_WCFService\"
		Debug.AspNetCompiler.TargetPath = "PrecompiledWeb\localhost_22736\"
		Debug.AspNetCompiler.Updateable = "true"
		Debug.AspNetCompiler.ForceOverwrite = "true"
		Debug.AspNetCompiler.FixedNames = "false"
		Debug.AspNetCompiler.Debug = "True"
		Release.AspNetCompiler.VirtualPath = "/localhost_22736"
		Release.AspNetCompiler.PhysicalPath = "GPSCheckIn_WCFService\"
		Release.AspNetCompiler.TargetPath = "PrecompiledWeb\localhost_22736\"
		Release.AspNetCompiler.Updateable = "true"
		Release.AspNetCompiler.ForceOverwrite = "true"
		Release.AspNetCompiler.FixedNames = "false"
		Release.AspNetCompiler.Debug = "False"
		VWDPort = "22736"
		SlnRelativePath = "GPSCheckIn_WCFService\"
		DefaultWebSiteLanguage = "Visual C#"
	EndProjectSection
EndProject
Global
	GlobalSection(SolutionConfigurationPlatforms) = preSolution
		Debug|Any CPU = Debug|Any CPU
	EndGlobalSection
	GlobalSection(ProjectConfigurationPlatforms) = postSolution
		{2B8FCC77-87F9-45CB-9D34-7CB5EB72DA72}.Debug|Any CPU.ActiveCfg = Debug|Any CPU
		{2B8FCC77-87F9-45CB-9D34-7CB5EB72DA72}.Debug|Any CPU.Build.0 = Debug|Any CPU
	EndGlobalSection
	GlobalSection(SolutionProperties) = preSolution
		HideSolutionNode = FALSE
	EndGlobalSection
	GlobalSection(ExtensibilityGlobals) = postSolution
		SolutionGuid = {DA1B1D58-B486-4C3A-B63C-25C1F33DC7A6}
	EndGlobalSection
EndGlobal
